
Microsoft Visual Studio Solution File, Format Version 12.00
# Visual Studio Express 2012 for Windows Desktop
Project("{FAE04EC0-301F-11D3-BF4B-00C04F79EFBC}") = "AutoPrintCrashVersion", "AutoPrintCrashVersion\AutoPrintCrashVersion.csproj", "{DC430D80-1CE1-4E3D-9DF0-4EFE43D0D079}"
EndProject
Global
	GlobalSection(SolutionConfigurationPlatforms) = preSolution
		Debug|Any CPU = Debug|Any CPU
		Release|Any CPU = Release|Any CPU
	EndGlobalSection
	GlobalSection(ProjectConfigurationPlatforms) = postSolution
		{DC430D80-1CE1-4E3D-9DF0-4EFE43D0D079}.Debug|Any CPU.ActiveCfg = Debug|Any CPU
		{DC430D80-1CE1-4E3D-9DF0-4EFE43D0D079}.Debug|Any CPU.Build.0 = Debug|Any CPU
		{DC430D80-1CE1-4E3D-9DF0-4EFE43D0D079}.Release|Any CPU.ActiveCfg = Release|Any CPU
		{DC430D80-1CE1-4E3D-9DF0-4EFE43D0D079}.Release|Any CPU.Build.0 = Release|Any CPU
	EndGlobalSection
	GlobalSection(SolutionProperties) = preSolution
		HideSolutionNode = FALSE
	EndGlobalSection
EndGlobal
